
Microsoft Visual Studio Solution File, Format Version 12.00
# Visual Studio 15
Project("{FAE04EC0-301F-11D3-BF4B-00C04F79EFBC}") = "Assembly-CSharp", "Assembly-CSharp.csproj", "{DB021E5A-DACD-6683-352D-A23A83119762}"
EndProject
Project("{FAE04EC0-301F-11D3-BF4B-00C04F79EFBC}") = "Assembly-CSharp-Editor", "Assembly-CSharp-Editor.csproj", "{03E2B793-5B2A-A0D2-9604-BE3F7EFB7919}"
EndProject
Global
	GlobalSection(SolutionConfigurationPlatforms) = preSolution
		Debug|Any CPU = Debug|Any CPU
		Release|Any CPU = Release|Any CPU
	EndGlobalSection
	GlobalSection(ProjectConfigurationPlatforms) = postSolution
		{DB021E5A-DACD-6683-352D-A23A83119762}.Debug|Any CPU.ActiveCfg = Debug|Any CPU
		{DB021E5A-DACD-6683-352D-A23A83119762}.Debug|Any CPU.Build.0 = Debug|Any CPU
		{DB021E5A-DACD-6683-352D-A23A83119762}.Release|Any CPU.ActiveCfg = Release|Any CPU
		{DB021E5A-DACD-6683-352D-A23A83119762}.Release|Any CPU.Build.0 = Release|Any CPU
		{03E2B793-5B2A-A0D2-9604-BE3F7EFB7919}.Debug|Any CPU.ActiveCfg = Debug|Any CPU
		{03E2B793-5B2A-A0D2-9604-BE3F7EFB7919}.Debug|Any CPU.Build.0 = Debug|Any CPU
		{03E2B793-5B2A-A0D2-9604-BE3F7EFB7919}.Release|Any CPU.ActiveCfg = Release|Any CPU
		{03E2B793-5B2A-A0D2-9604-BE3F7EFB7919}.Release|Any CPU.Build.0 = Release|Any CPU
	EndGlobalSection
	GlobalSection(SolutionProperties) = preSolution
		HideSolutionNode = FALSE
	EndGlobalSection
EndGlobal
